
Microsoft Visual Studio Solution File, Format Version 12.00
# Visual Studio 15
VisualStudioVersion = 15.0.27130.2036
MinimumVisualStudioVersion = 10.0.40219.1
Project("{FAE04EC0-301F-11D3-BF4B-00C04F79EFBC}") = "LINE-Webhook", "LINE-Webhook\LINE-Webhook.csproj", "{7FA19C3A-0764-4479-B998-0E3E5F003F9B}"
EndProject
Project("{FAE04EC0-301F-11D3-BF4B-00C04F79EFBC}") = "LineServices", "LineServices\LineServices.csproj", "{25049028-368D-453D-92EC-0DD4C918DB65}"
EndProject
Global
	GlobalSection(SolutionConfigurationPlatforms) = preSolution
		Debug|Any CPU = Debug|Any CPU
		Release|Any CPU = Release|Any CPU
	EndGlobalSection
	GlobalSection(ProjectConfigurationPlatforms) = postSolution
		{7FA19C3A-0764-4479-B998-0E3E5F003F9B}.Debug|Any CPU.ActiveCfg = Debug|Any CPU
		{7FA19C3A-0764-4479-B998-0E3E5F003F9B}.Debug|Any CPU.Build.0 = Debug|Any CPU
		{7FA19C3A-0764-4479-B998-0E3E5F003F9B}.Release|Any CPU.ActiveCfg = Release|Any CPU
		{7FA19C3A-0764-4479-B998-0E3E5F003F9B}.Release|Any CPU.Build.0 = Release|Any CPU
		{25049028-368D-453D-92EC-0DD4C918DB65}.Debug|Any CPU.ActiveCfg = Debug|Any CPU
		{25049028-368D-453D-92EC-0DD4C918DB65}.Debug|Any CPU.Build.0 = Debug|Any CPU
		{25049028-368D-453D-92EC-0DD4C918DB65}.Release|Any CPU.ActiveCfg = Release|Any CPU
		{25049028-368D-453D-92EC-0DD4C918DB65}.Release|Any CPU.Build.0 = Release|Any CPU
	EndGlobalSection
	GlobalSection(SolutionProperties) = preSolution
		HideSolutionNode = FALSE
	EndGlobalSection
	GlobalSection(ExtensibilityGlobals) = postSolution
		SolutionGuid = {14358F3C-643F-44D1-96F8-A602F20A111E}
	EndGlobalSection
EndGlobal
